
Microsoft Visual Studio Solution File, Format Version 12.00
# Visual Studio Version 17
VisualStudioVersion = 17.8.34525.116
MinimumVisualStudioVersion = 10.0.40219.1
Project("{FAE04EC0-301F-11D3-BF4B-00C04F79EFBC}") = "DriveAccessApp", "DriveAccessApp\DriveAccessApp.csproj", "{8C4EC3A1-14AA-4A82-9B93-2F285F79E332}"
EndProject
Global
	GlobalSection(SolutionConfigurationPlatforms) = preSolution
		Debug|Any CPU = Debug|Any CPU
		Release|Any CPU = Release|Any CPU
	EndGlobalSection
	GlobalSection(ProjectConfigurationPlatforms) = postSolution
		{8C4EC3A1-14AA-4A82-9B93-2F285F79E332}.Debug|Any CPU.ActiveCfg = Debug|Any CPU
		{8C4EC3A1-14AA-4A82-9B93-2F285F79E332}.Debug|Any CPU.Build.0 = Debug|Any CPU
		{8C4EC3A1-14AA-4A82-9B93-2F285F79E332}.Release|Any CPU.ActiveCfg = Release|Any CPU
		{8C4EC3A1-14AA-4A82-9B93-2F285F79E332}.Release|Any CPU.Build.0 = Release|Any CPU
	EndGlobalSection
	GlobalSection(SolutionProperties) = preSolution
		HideSolutionNode = FALSE
	EndGlobalSection
	GlobalSection(ExtensibilityGlobals) = postSolution
		SolutionGuid = {F725131D-36C9-43E2-818B-25058F39C1FF}
	EndGlobalSection
EndGlobal
